// !$*UTF8*$!
{
	archiveVersion = 1;
	classes = {
	};
	objectVersion = 77;
	objects = {

/* Begin PBXContainerItemProxy section */
		14ACE46C2D91EC0400544E9F /* PBXContainerItemProxy */ = {
			isa = PBXContainerItemProxy;
			containerPortal = 14ACE44D2D91EC0300544E9F /* Project object */;
			proxyType = 1;
			remoteGlobalIDString = 14ACE4542D91EC0300544E9F;
			remoteInfo = "Pokedex App";
		};
		14ACE4762D91EC0400544E9F /* PBXContainerItemProxy */ = {
			isa = PBXContainerItemProxy;
			containerPortal = 14ACE44D2D91EC0300544E9F /* Project object */;
			proxyType = 1;
			remoteGlobalIDString = 14ACE4542D91EC0300544E9F;
			remoteInfo = "Pokedex App";
		};
/* End PBXContainerItemProxy section */

/* Begin PBXFileReference section */
		14ACE4552D91EC0300544E9F /* Pokedex App.app */ = {isa = PBXFileReference; explicitFileType = wrapper.application; includeInIndex = 0; path = "Pokedex App.app"; sourceTree = BUILT_PRODUCTS_DIR; };
		14ACE46B2D91EC0400544E9F /* Pokedex AppTests.xctest */ = {isa = PBXFileReference; explicitFileType = wrapper.cfbundle; includeInIndex = 0; path = "Pokedex AppTests.xctest"; sourceTree = BUILT_PRODUCTS_DIR; };
		14ACE4752D91EC0400544E9F /* Pokedex AppUITests.xctest */ = {isa = PBXFileReference; explicitFileType = wrapper.cfbundle; includeInIndex = 0; path = "Pokedex AppUITests.xctest"; sourceTree = BUILT_PRODUCTS_DIR; };
/* End PBXFileReference section */

/* Begin PBXFileSystemSynchronizedBuildFileExceptionSet section */
		14ACE47D2D91EC0400544E9F /* Exceptions for "Pokedex App" folder in "Pokedex App" target */ = {
			isa = PBXFileSystemSynchronizedBuildFileExceptionSet;
			membershipExceptions = (
				Info.plist,
			);
			target = 14ACE4542D91EC0300544E9F /* Pokedex App */;
		};
/* End PBXFileSystemSynchronizedBuildFileExceptionSet section */

/* Begin PBXFileSystemSynchronizedRootGroup section */
		14ACE4572D91EC0300544E9F /* Pokedex App */ = {
			isa = PBXFileSystemSynchronizedRootGroup;
			exceptions = (
				14ACE47D2D91EC0400544E9F /* Exceptions for "Pokedex App" folder in "Pokedex App" target */,
			);
			path = "Pokedex App";
			sourceTree = "<group>";
		};
		14ACE46E2D91EC0400544E9F /* Pokedex AppTests */ = {
			isa = PBXFileSystemSynchronizedRootGroup;
			path = "Pokedex AppTests";
			sourceTree = "<group>";
		};
		14ACE4782D91EC0400544E9F /* Pokedex AppUITests */ = {
			isa = PBXFileSystemSynchronizedRootGroup;
			path = "Pokedex AppUITests";
			sourceTree = "<group>";
		};
/* End PBXFileSystemSynchronizedRootGroup section */

/* Begin PBXFrameworksBuildPhase section */
		14ACE4522D91EC0300544E9F /* Frameworks */ = {
			isa = PBXFrameworksBuildPhase;
			buildActionMask = 2147483647;
			files = (
			);
			runOnlyForDeploymentPostprocessing = 0;
		};
		14ACE4682D91EC0400544E9F /* Frameworks */ = {
			isa = PBXFrameworksBuildPhase;
			buildActionMask = 2147483647;
			files = (
			);
			runOnlyForDeploymentPostprocessing = 0;
		};
		14ACE4722D91EC0400544E9F /* Frameworks */ = {
			isa = PBXFrameworksBuildPhase;
			buildActionMask = 2147483647;
			files = (
			);
			runOnlyForDeploymentPostprocessing = 0;
		};
/* End PBXFrameworksBuildPhase section */

/* Begin PBXGroup section */
		14ACE44C2D91EC0300544E9F = {
			isa = PBXGroup;
			children = (
				14ACE4572D91EC0300544E9F /* Pokedex App */,
				14ACE46E2D91EC0400544E9F /* Pokedex AppTests */,
				14ACE4782D91EC0400544E9F /* Pokedex AppUITests */,
				14ACE4562D91EC0300544E9F /* Products */,
			);
			sourceTree = "<group>";
		};
		14ACE4562D91EC0300544E9F /* Products */ = {
			isa = PBXGroup;
			children = (
				14ACE4552D91EC0300544E9F /* Pokedex App.app */,
				14ACE46B2D91EC0400544E9F /* Pokedex AppTests.xctest */,
				14ACE4752D91EC0400544E9F /* Pokedex AppUITests.xctest */,
			);
			name = Products;
			sourceTree = "<group>";
		};
/* End PBXGroup section */

/* Begin PBXNativeTarget section */
		14ACE4542D91EC0300544E9F /* Pokedex App */ = {
			isa = PBXNativeTarget;
			buildConfigurationList = 14ACE47E2D91EC0400544E9F /* Build configuration list for PBXNativeTarget "Pokedex App" */;
			buildPhases = (
				14ACE4512D91EC0300544E9F /* Sources */,
				14ACE4522D91EC0300544E9F /* Frameworks */,
				14ACE4532D91EC0300544E9F /* Resources */,
			);
			buildRules = (
			);
			dependencies = (
			);
			fileSystemSynchronizedGroups = (
				14ACE4572D91EC0300544E9F /* Pokedex App */,
			);
			name = "Pokedex App";
			packageProductDependencies = (
			);
			productName = "Pokedex App";
			productReference = 14ACE4552D91EC0300544E9F /* Pokedex App.app */;
			productType = "com.apple.product-type.application";
		};
		14ACE46A2D91EC0400544E9F /* Pokedex AppTests */ = {
			isa = PBXNativeTarget;
			buildConfigurationList = 14ACE4832D91EC0400544E9F /* Build configuration list for PBXNativeTarget "Pokedex AppTests" */;
			buildPhases = (
				14ACE4672D91EC0400544E9F /* Sources */,
				14ACE4682D91EC0400544E9F /* Frameworks */,
				14ACE4692D91EC0400544E9F /* Resources */,
			);
			buildRules = (
			);
			dependencies = (
				14ACE46D2D91EC0400544E9F /* PBXTargetDependency */,
			);
			fileSystemSynchronizedGroups = (
				14ACE46E2D91EC0400544E9F /* Pokedex AppTests */,
			);
			name = "Pokedex AppTests";
			packageProductDependencies = (
			);
			productName = "Pokedex AppTests";
			productReference = 14ACE46B2D91EC0400544E9F /* Pokedex AppTests.xctest */;
			productType = "com.apple.product-type.bundle.unit-test";
		};
		14ACE4742D91EC0400544E9F /* Pokedex AppUITests */ = {
			isa = PBXNativeTarget;
			buildConfigurationList = 14ACE4862D91EC0400544E9F /* Build configuration list for PBXNativeTarget "Pokedex AppUITests" */;
			buildPhases = (
				14ACE4712D91EC0400544E9F /* Sources */,
				14ACE4722D91EC0400544E9F /* Frameworks */,
				14ACE4732D91EC0400544E9F /* Resources */,
			);
			buildRules = (
			);
			dependencies = (
				14ACE4772D91EC0400544E9F /* PBXTargetDependency */,
			);
			fileSystemSynchronizedGroups = (
				14ACE4782D91EC0400544E9F /* Pokedex AppUITests */,
			);
			name = "Pokedex AppUITests";
			packageProductDependencies = (
			);
			productName = "Pokedex AppUITests";
			productReference = 14ACE4752D91EC0400544E9F /* Pokedex AppUITests.xctest */;
			productType = "com.apple.product-type.bundle.ui-testing";
		};
/* End PBXNativeTarget section */

/* Begin PBXProject section */
		14ACE44D2D91EC0300544E9F /* Project object */ = {
			isa = PBXProject;
			attributes = {
				BuildIndependentTargetsInParallel = 1;
				LastSwiftUpdateCheck = 1620;
				LastUpgradeCheck = 1620;
				TargetAttributes = {
					14ACE4542D91EC0300544E9F = {
						CreatedOnToolsVersion = 16.2;
					};
					14ACE46A2D91EC0400544E9F = {
						CreatedOnToolsVersion = 16.2;
						TestTargetID = 14ACE4542D91EC0300544E9F;
					};
					14ACE4742D91EC0400544E9F = {
						CreatedOnToolsVersion = 16.2;
						TestTargetID = 14ACE4542D91EC0300544E9F;
					};
				};
			};
			buildConfigurationList = 14ACE4502D91EC0300544E9F /* Build configuration list for PBXProject "Pokedex App" */;
			developmentRegion = en;
			hasScannedForEncodings = 0;
			knownRegions = (
				en,
				Base,
			);
			mainGroup = 14ACE44C2D91EC0300544E9F;
			minimizedProjectReferenceProxies = 1;
			preferredProjectObjectVersion = 77;
			productRefGroup = 14ACE4562D91EC0300544E9F /* Products */;
			projectDirPath = "";
			projectRoot = "";
			targets = (
				14ACE4542D91EC0300544E9F /* Pokedex App */,
				14ACE46A2D91EC0400544E9F /* Pokedex AppTests */,
				14ACE4742D91EC0400544E9F /* Pokedex AppUITests */,
			);
		};
/* End PBXProject section */

/* Begin PBXResourcesBuildPhase section */
		14ACE4532D91EC0300544E9F /* Resources */ = {
			isa = PBXResourcesBuildPhase;
			buildActionMask = 2147483647;
			files = (
			);
			runOnlyForDeploymentPostprocessing = 0;
		};
		14ACE4692D91EC0400544E9F /* Resources */ = {
			isa = PBXResourcesBuildPhase;
			buildActionMask = 2147483647;
			files = (
			);
			runOnlyForDeploymentPostprocessing = 0;
		};
		14ACE4732D91EC0400544E9F /* Resources */ = {
			isa = PBXResourcesBuildPhase;
			buildActionMask = 2147483647;
			files = (
			);
			runOnlyForDeploymentPostprocessing = 0;
		};
/* End PBXResourcesBuildPhase section */

/* Begin PBXSourcesBuildPhase section */
		14ACE4512D91EC0300544E9F /* Sources */ = {
			isa = PBXSourcesBuildPhase;
			buildActionMask = 2147483647;
			files = (
			);
			runOnlyForDeploymentPostprocessing = 0;
		};
		14ACE4672D91EC0400544E9F /* Sources */ = {
			isa = PBXSourcesBuildPhase;
			buildActionMask = 2147483647;
			files = (
			);
			runOnlyForDeploymentPostprocessing = 0;
		};
		14ACE4712D91EC0400544E9F /* Sources */ = {
			isa = PBXSourcesBuildPhase;
			buildActionMask = 2147483647;
			files = (
			);
			runOnlyForDeploymentPostprocessing = 0;
		};
/* End PBXSourcesBuildPhase section */

/* Begin PBXTargetDependency section */
		14ACE46D2D91EC0400544E9F /* PBXTargetDependency */ = {
			isa = PBXTargetDependency;
			target = 14ACE4542D91EC0300544E9F /* Pokedex App */;
			targetProxy = 14ACE46C2D91EC0400544E9F /* PBXContainerItemProxy */;
		};
		14ACE4772D91EC0400544E9F /* PBXTargetDependency */ = {
			isa = PBXTargetDependency;
			target = 14ACE4542D91EC0300544E9F /* Pokedex App */;
			targetProxy = 14ACE4762D91EC0400544E9F /* PBXContainerItemProxy */;
		};
/* End PBXTargetDependency section */

/* Begin XCBuildConfiguration section */
		14ACE47F2D91EC0400544E9F /* Debug */ = {
			isa = XCBuildConfiguration;
			buildSettings = {
				ASSETCATALOG_COMPILER_APPICON_NAME = AppIcon;
				ASSETCATALOG_COMPILER_GLOBAL_ACCENT_COLOR_NAME = AccentColor;
				CODE_SIGN_STYLE = Automatic;
				CURRENT_PROJECT_VERSION = 1;
				DEVELOPMENT_TEAM = 466V96X8L3;
				GENERATE_INFOPLIST_FILE = YES;
				INFOPLIST_FILE = "Pokedex App/Info.plist";
				INFOPLIST_KEY_UIApplicationSupportsIndirectInputEvents = YES;
				INFOPLIST_KEY_UILaunchStoryboardName = LaunchScreen;
				INFOPLIST_KEY_UIMainStoryboardFile = Main;
				INFOPLIST_KEY_UISupportedInterfaceOrientations_iPad = "UIInterfaceOrientationPortrait UIInterfaceOrientationPortraitUpsideDown UIInterfaceOrientationLandscapeLeft UIInterfaceOrientationLandscapeRight";
				INFOPLIST_KEY_UISupportedInterfaceOrientations_iPhone = "UIInterfaceOrientationPortrait UIInterfaceOrientationLandscapeLeft UIInterfaceOrientationLandscapeRight";
				LD_RUNPATH_SEARCH_PATHS = (
					"$(inherited)",
					"@executable_path/Frameworks",
				);
				MARKETING_VERSION = 1.0;
				PRODUCT_BUNDLE_IDENTIFIER = "cesarcastillo.Pokedex-App";
				PRODUCT_NAME = "$(TARGET_NAME)";
				SWIFT_EMIT_LOC_STRINGS = YES;
				SWIFT_VERSION = 5.0;
				TARGETED_DEVICE_FAMILY = "1,2";
			};
			name = Debug;
		};
		14ACE4802D91EC0400544E9F /* Release */ = {
			isa = XCBuildConfiguration;
			buildSettings = {
				ASSETCATALOG_COMPILER_APPICON_NAME = AppIcon;
				ASSETCATALOG_COMPILER_GLOBAL_ACCENT_COLOR_NAME = AccentColor;
				CODE_SIGN_STYLE = Automatic;
				CURRENT_PROJECT_VERSION = 1;
				DEVELOPMENT_TEAM = 466V96X8L3;
				GENERATE_INFOPLIST_FILE = YES;
				INFOPLIST_FILE = "Pokedex App/Info.plist";
				INFOPLIST_KEY_UIApplicationSupportsIndirectInputEvents = YES;
				INFOPLIST_KEY_UILaunchStoryboardName = LaunchScreen;
				INFOPLIST_KEY_UIMainStoryboardFile = Main;
				INFOPLIST_KEY_UISupportedInterfaceOrientations_iPad = "UIInterfaceOrientationPortrait UIInterfaceOrientationPortraitUpsideDown UIInterfaceOrientationLandscapeLeft UIInterfaceOrientationLandscapeRight";
				INFOPLIST_KEY_UISupportedInterfaceOrientations_iPhone = "UIInterfaceOrientationPortrait UIInterfaceOrientationLandscapeLeft UIInterfaceOrientationLandscapeRight";
				LD_RUNPATH_SEARCH_PATHS = (
					"$(inherited)",
					"@executable_path/Frameworks",
				);
				MARKETING_VERSION = 1.0;
				PRODUCT_BUNDLE_IDENTIFIER = "cesarcastillo.Pokedex-App";
				PRODUCT_NAME = "$(TARGET_NAME)";
				SWIFT_EMIT_LOC_STRINGS = YES;
				SWIFT_VERSION = 5.0;
				TARGETED_DEVICE_FAMILY = "1,2";
			};
			name = Release;
		};
		14ACE4812D91EC0400544E9F /* Debug */ = {
			isa = XCBuildConfiguration;
			buildSettings = {
				ALWAYS_SEARCH_USER_PATHS = NO;
				ASSETCATALOG_COMPILER_GENERATE_SWIFT_ASSET_SYMBOL_EXTENSIONS = YES;
				CLANG_ANALYZER_NONNULL = YES;
				CLANG_ANALYZER_NUMBER_OBJECT_CONVERSION = YES_AGGRESSIVE;
				CLANG_CXX_LANGUAGE_STANDARD = "gnu++20";
				CLANG_ENABLE_MODULES = YES;
				CLANG_ENABLE_OBJC_ARC = YES;
				CLANG_ENABLE_OBJC_WEAK = YES;
				CLANG_WARN_BLOCK_CAPTURE_AUTORELEASING = YES;
				CLANG_WARN_BOOL_CONVERSION = YES;
				CLANG_WARN_COMMA = YES;
				CLANG_WARN_CONSTANT_CONVERSION = YES;
				CLANG_WARN_DEPRECATED_OBJC_IMPLEMENTATIONS = YES;
				CLANG_WARN_DIRECT_OBJC_ISA_USAGE = YES_ERROR;
				CLANG_WARN_DOCUMENTATION_COMMENTS = YES;
				CLANG_WARN_EMPTY_BODY = YES;
				CLANG_WARN_ENUM_CONVERSION = YES;
				CLANG_WARN_INFINITE_RECURSION = YES;
				CLANG_WARN_INT_CONVERSION = YES;
				CLANG_WARN_NON_LITERAL_NULL_CONVERSION = YES;
				CLANG_WARN_OBJC_IMPLICIT_RETAIN_SELF = YES;
				CLANG_WARN_OBJC_LITERAL_CONVERSION = YES;
				CLANG_WARN_OBJC_ROOT_CLASS = YES_ERROR;
				CLANG_WARN_QUOTED_INCLUDE_IN_FRAMEWORK_HEADER = YES;
				CLANG_WARN_RANGE_LOOP_ANALYSIS = YES;
				CLANG_WARN_STRICT_PROTOTYPES = YES;
				CLANG_WARN_SUSPICIOUS_MOVE = YES;
				CLANG_WARN_UNGUARDED_AVAILABILITY = YES_AGGRESSIVE;
				CLANG_WARN_UNREACHABLE_CODE = YES;
				CLANG_WARN__DUPLICATE_METHOD_MATCH = YES;
				COPY_PHASE_STRIP = NO;
				DEBUG_INFORMATION_FORMAT = dwarf;
				ENABLE_STRICT_OBJC_MSGSEND = YES;
				ENABLE_TESTABILITY = YES;
				ENABLE_USER_SCRIPT_SANDBOXING = YES;
				GCC_C_LANGUAGE_STANDARD = gnu17;
				GCC_DYNAMIC_NO_PIC = NO;
				GCC_NO_COMMON_BLOCKS = YES;
				GCC_OPTIMIZATION_LEVEL = 0;
				GCC_PREPROCESSOR_DEFINITIONS = (
					"DEBUG=1",
					"$(inherited)",
				);
				GCC_WARN_64_TO_32_BIT_CONVERSION = YES;
				GCC_WARN_ABOUT_RETURN_TYPE = YES_ERROR;
				GCC_WARN_UNDECLARED_SELECTOR = YES;
				GCC_WARN_UNINITIALIZED_AUTOS = YES_AGGRESSIVE;
				GCC_WARN_UNUSED_FUNCTION = YES;
				GCC_WARN_UNUSED_VARIABLE = YES;
				IPHONEOS_DEPLOYMENT_TARGET = 18.2;
				LOCALIZATION_PREFERS_STRING_CATALOGS = YES;
				MTL_ENABLE_DEBUG_INFO = INCLUDE_SOURCE;
				MTL_FAST_MATH = YES;
				ONLY_ACTIVE_ARCH = YES;
				SDKROOT = iphoneos;
				SWIFT_ACTIVE_COMPILATION_CONDITIONS = "DEBUG $(inherited)";
				SWIFT_OPTIMIZATION_LEVEL = "-Onone";
			};
			name = Debug;
		};
		14ACE4822D91EC0400544E9F /* Release */ = {
			isa = XCBuildConfiguration;
			buildSettings = {
				ALWAYS_SEARCH_USER_PATHS = NO;
				ASSETCATALOG_COMPILER_GENERATE_SWIFT_ASSET_SYMBOL_EXTENSIONS = YES;
				CLANG_ANALYZER_NONNULL = YES;
				CLANG_ANALYZER_NUMBER_OBJECT_CONVERSION = YES_AGGRESSIVE;
				CLANG_CXX_LANGUAGE_STANDARD = "gnu++20";
				CLANG_ENABLE_MODULES = YES;
				CLANG_ENABLE_OBJC_ARC = YES;
				CLANG_ENABLE_OBJC_WEAK = YES;
				CLANG_WARN_BLOCK_CAPTURE_AUTORELEASING = YES;
				CLANG_WARN_BOOL_CONVERSION = YES;
				CLANG_WARN_COMMA = YES;
				CLANG_WARN_CONSTANT_CONVERSION = YES;
				CLANG_WARN_DEPRECATED_OBJC_IMPLEMENTATIONS = YES;
				CLANG_WARN_DIRECT_OBJC_ISA_USAGE = YES_ERROR;
				CLANG_WARN_DOCUMENTATION_COMMENTS = YES;
				CLANG_WARN_EMPTY_BODY = YES;
				CLANG_WARN_ENUM_CONVERSION = YES;
				CLANG_WARN_INFINITE_RECURSION = YES;
				CLANG_WARN_INT_CONVERSION = YES;
				CLANG_WARN_NON_LITERAL_NULL_CONVERSION = YES;
				CLANG_WARN_OBJC_IMPLICIT_RETAIN_SELF = YES;
				CLANG_WARN_OBJC_LITERAL_CONVERSION = YES;
				CLANG_WARN_OBJC_ROOT_CLASS = YES_ERROR;
				CLANG_WARN_QUOTED_INCLUDE_IN_FRAMEWORK_HEADER = YES;
				CLANG_WARN_RANGE_LOOP_ANALYSIS = YES;
				CLANG_WARN_STRICT_PROTOTYPES = YES;
				CLANG_WARN_SUSPICIOUS_MOVE = YES;
				CLANG_WARN_UNGUARDED_AVAILABILITY = YES_AGGRESSIVE;
				CLANG_WARN_UNREACHABLE_CODE = YES;
				CLANG_WARN__DUPLICATE_METHOD_MATCH = YES;
				COPY_PHASE_STRIP = NO;
				DEBUG_INFORMATION_FORMAT = "dwarf-with-dsym";
				ENABLE_NS_ASSERTIONS = NO;
				ENABLE_STRICT_OBJC_MSGSEND = YES;
				ENABLE_USER_SCRIPT_SANDBOXING = YES;
				GCC_C_LANGUAGE_STANDARD = gnu17;
				GCC_NO_COMMON_BLOCKS = YES;
				GCC_WARN_64_TO_32_BIT_CONVERSION = YES;
				GCC_WARN_ABOUT_RETURN_TYPE = YES_ERROR;
				GCC_WARN_UNDECLARED_SELECTOR = YES;
				GCC_WARN_UNINITIALIZED_AUTOS = YES_AGGRESSIVE;
				GCC_WARN_UNUSED_FUNCTION = YES;
				GCC_WARN_UNUSED_VARIABLE = YES;
				IPHONEOS_DEPLOYMENT_TARGET = 18.2;
				LOCALIZATION_PREFERS_STRING_CATALOGS = YES;
				MTL_ENABLE_DEBUG_INFO = NO;
				MTL_FAST_MATH = YES;
				SDKROOT = iphoneos;
				SWIFT_COMPILATION_MODE = wholemodule;
				VALIDATE_PRODUCT = YES;
			};
			name = Release;
		};
		14ACE4842D91EC0400544E9F /* Debug */ = {
			isa = XCBuildConfiguration;
			buildSettings = {
				BUNDLE_LOADER = "$(TEST_HOST)";
				CODE_SIGN_STYLE = Automatic;
				CURRENT_PROJECT_VERSION = 1;
				DEVELOPMENT_TEAM = 466V96X8L3;
				GENERATE_INFOPLIST_FILE = YES;
				IPHONEOS_DEPLOYMENT_TARGET = 18.2;
				MARKETING_VERSION = 1.0;
				PRODUCT_BUNDLE_IDENTIFIER = "cesarcastillo.Pokedex-AppTests";
				PRODUCT_NAME = "$(TARGET_NAME)";
				SWIFT_EMIT_LOC_STRINGS = NO;
				SWIFT_VERSION = 5.0;
				TARGETED_DEVICE_FAMILY = "1,2";
				TEST_HOST = "$(BUILT_PRODUCTS_DIR)/Pokedex App.app/$(BUNDLE_EXECUTABLE_FOLDER_PATH)/Pokedex App";
			};
			name = Debug;
		};
		14ACE4852D91EC0400544E9F /* Release */ = {
			isa = XCBuildConfiguration;
			buildSettings = {
				BUNDLE_LOADER = "$(TEST_HOST)";
				CODE_SIGN_STYLE = Automatic;
				CURRENT_PROJECT_VERSION = 1;
				DEVELOPMENT_TEAM = 466V96X8L3;
				GENERATE_INFOPLIST_FILE = YES;
				IPHONEOS_DEPLOYMENT_TARGET = 18.2;
				MARKETING_VERSION = 1.0;
				PRODUCT_BUNDLE_IDENTIFIER = "cesarcastillo.Pokedex-AppTests";
				PRODUCT_NAME = "$(TARGET_NAME)";
				SWIFT_EMIT_LOC_STRINGS = NO;
				SWIFT_VERSION = 5.0;
				TARGETED_DEVICE_FAMILY = "1,2";
				TEST_HOST = "$(BUILT_PRODUCTS_DIR)/Pokedex App.app/$(BUNDLE_EXECUTABLE_FOLDER_PATH)/Pokedex App";
			};
			name = Release;
		};
		14ACE4872D91EC0400544E9F /* Debug */ = {
			isa = XCBuildConfiguration;
			buildSettings = {
				CODE_SIGN_STYLE = Automatic;
				CURRENT_PROJECT_VERSION = 1;
				DEVELOPMENT_TEAM = 466V96X8L3;
				GENERATE_INFOPLIST_FILE = YES;
				MARKETING_VERSION = 1.0;
				PRODUCT_BUNDLE_IDENTIFIER = "cesarcastillo.Pokedex-AppUITests";
				PRODUCT_NAME = "$(TARGET_NAME)";
				SWIFT_EMIT_LOC_STRINGS = NO;
				SWIFT_VERSION = 5.0;
				TARGETED_DEVICE_FAMILY = "1,2";
				TEST_TARGET_NAME = "Pokedex App";
			};
			name = Debug;
		};
		14ACE4882D91EC0400544E9F /* Release */ = {
			isa = XCBuildConfiguration;
			buildSettings = {
				CODE_SIGN_STYLE = Automatic;
				CURRENT_PROJECT_VERSION = 1;
				DEVELOPMENT_TEAM = 466V96X8L3;
				GENERATE_INFOPLIST_FILE = YES;
				MARKETING_VERSION = 1.0;
				PRODUCT_BUNDLE_IDENTIFIER = "cesarcastillo.Pokedex-AppUITests";
				PRODUCT_NAME = "$(TARGET_NAME)";
				SWIFT_EMIT_LOC_STRINGS = NO;
				SWIFT_VERSION = 5.0;
				TARGETED_DEVICE_FAMILY = "1,2";
				TEST_TARGET_NAME = "Pokedex App";
			};
			name = Release;
		};
/* End XCBuildConfiguration section */

/* Begin XCConfigurationList section */
		14ACE4502D91EC0300544E9F /* Build configuration list for PBXProject "Pokedex App" */ = {
			isa = XCConfigurationList;
			buildConfigurations = (
				14ACE4812D91EC0400544E9F /* Debug */,
				14ACE4822D91EC0400544E9F /* Release */,
			);
			defaultConfigurationIsVisible = 0;
			defaultConfigurationName = Release;
		};
		14ACE47E2D91EC0400544E9F /* Build configuration list for PBXNativeTarget "Pokedex App" */ = {
			isa = XCConfigurationList;
			buildConfigurations = (
				14ACE47F2D91EC0400544E9F /* Debug */,
				14ACE4802D91EC0400544E9F /* Release */,
			);
			defaultConfigurationIsVisible = 0;
			defaultConfigurationName = Release;
		};
		14ACE4832D91EC0400544E9F /* Build configuration list for PBXNativeTarget "Pokedex AppTests" */ = {
			isa = XCConfigurationList;
			buildConfigurations = (
				14ACE4842D91EC0400544E9F /* Debug */,
				14ACE4852D91EC0400544E9F /* Release */,
			);
			defaultConfigurationIsVisible = 0;
			defaultConfigurationName = Release;
		};
		14ACE4862D91EC0400544E9F /* Build configuration list for PBXNativeTarget "Pokedex AppUITests" */ = {
			isa = XCConfigurationList;
			buildConfigurations = (
				14ACE4872D91EC0400544E9F /* Debug */,
				14ACE4882D91EC0400544E9F /* Release */,
			);
			defaultConfigurationIsVisible = 0;
			defaultConfigurationName = Release;
		};
/* End XCConfigurationList section */
	};
	rootObject = 14ACE44D2D91EC0300544E9F /* Project object */;
}
